
Microsoft Visual Studio Solution File, Format Version 12.00
# Visual Studio Version 17
VisualStudioVersion = 17.13.35931.197 d17.13
MinimumVisualStudioVersion = 10.0.40219.1
Project("{FAE04EC0-301F-11D3-BF4B-00C04F79EFBC}") = "DEMOApp", "DEMOApp\DEMOApp.csproj", "{04BEDC30-9863-4D2C-82D9-14F6B6A75DD0}"
EndProject
Global
	GlobalSection(SolutionConfigurationPlatforms) = preSolution
		Debug|Any CPU = Debug|Any CPU
		Release|Any CPU = Release|Any CPU
	EndGlobalSection
	GlobalSection(ProjectConfigurationPlatforms) = postSolution
		{04BEDC30-9863-4D2C-82D9-14F6B6A75DD0}.Debug|Any CPU.ActiveCfg = Debug|Any CPU
		{04BEDC30-9863-4D2C-82D9-14F6B6A75DD0}.Debug|Any CPU.Build.0 = Debug|Any CPU
		{04BEDC30-9863-4D2C-82D9-14F6B6A75DD0}.Release|Any CPU.ActiveCfg = Release|Any CPU
		{04BEDC30-9863-4D2C-82D9-14F6B6A75DD0}.Release|Any CPU.Build.0 = Release|Any CPU
	EndGlobalSection
	GlobalSection(SolutionProperties) = preSolution
		HideSolutionNode = FALSE
	EndGlobalSection
	GlobalSection(ExtensibilityGlobals) = postSolution
		SolutionGuid = {ED634A16-5648-4FE3-BAA0-6D9BD2817534}
	EndGlobalSection
EndGlobal
